
Microsoft Visual Studio Solution File, Format Version 12.00
# Visual Studio Version 17
VisualStudioVersion = 17.14.36203.30
MinimumVisualStudioVersion = 10.0.40219.1
Project("{FAE04EC0-301F-11D3-BF4B-00C04F79EFBC}") = "CSnakeDemo", "CSnakeDemo\CSnakeDemo.csproj", "{88652DA5-96E0-4B00-97CE-9B3A03541662}"
EndProject
Project("{FAE04EC0-301F-11D3-BF4B-00C04F79EFBC}") = "ExamplePythonDependency", "ExamplePythonDependency\ExamplePythonDependency.csproj", "{F7256C0E-16B5-4943-9B83-4C332C281589}"
EndProject
Global
	GlobalSection(SolutionConfigurationPlatforms) = preSolution
		Debug|Any CPU = Debug|Any CPU
		Release|Any CPU = Release|Any CPU
	EndGlobalSection
	GlobalSection(ProjectConfigurationPlatforms) = postSolution
		{88652DA5-96E0-4B00-97CE-9B3A03541662}.Debug|Any CPU.ActiveCfg = Debug|Any CPU
		{88652DA5-96E0-4B00-97CE-9B3A03541662}.Debug|Any CPU.Build.0 = Debug|Any CPU
		{88652DA5-96E0-4B00-97CE-9B3A03541662}.Release|Any CPU.ActiveCfg = Release|Any CPU
		{88652DA5-96E0-4B00-97CE-9B3A03541662}.Release|Any CPU.Build.0 = Release|Any CPU
		{F7256C0E-16B5-4943-9B83-4C332C281589}.Debug|Any CPU.ActiveCfg = Debug|Any CPU
		{F7256C0E-16B5-4943-9B83-4C332C281589}.Debug|Any CPU.Build.0 = Debug|Any CPU
		{F7256C0E-16B5-4943-9B83-4C332C281589}.Release|Any CPU.ActiveCfg = Release|Any CPU
		{F7256C0E-16B5-4943-9B83-4C332C281589}.Release|Any CPU.Build.0 = Release|Any CPU
	EndGlobalSection
	GlobalSection(SolutionProperties) = preSolution
		HideSolutionNode = FALSE
	EndGlobalSection
	GlobalSection(ExtensibilityGlobals) = postSolution
		SolutionGuid = {942553FC-5AF7-4882-8256-A4A4B298F200}
	EndGlobalSection
EndGlobal
